{
  "name": "@ernest-cll/npm-tests",
  "version": "1.0.0",
  "lockfileVersion": 3,
  "requires": true,
  "packages": {
    "": {
      "name": "@ernest-cll/npm-tests",
      "version": "1.0.0",
      "license": "ISC",
      "dependencies": {
        "@ernest-cll/test-package": "1.0.10"
      }
    },
    "node_modules/@ernest-cll/test-package": {
      "version": "1.0.10",
      "resolved": "https://registry.npmjs.org/@ernest-cll/test-package/-/test-package-1.0.10.tgz",
      "integrity": "sha512-2QqdOpQk87XzTiMwu6Uh555Nrh9od77i6W7BH7HfXN0umIrhaleE6bNjzn29hAUQfvbmZdrqcprb4vpeorMtyg==",
      "license": "ISC",
      "bin": {
        "cre-compile-workflow": "bin/compile-workflow.js",
        "cre-setup": "bin/setup.js"
      }
    }
  }
}
